Microsoft Visual Studio Solution File, Format Version 12.00
# Visual Studio Version 16
VisualStudioVersion = 16.0.29709.97
MinimumVisualStudioVersion = 10.0.40219.1
Project("{FAE04EC0-301F-11D3-BF4B-00C04F79EFBC}") = "GroupApp.Android", "GroupApp.Android\GroupApp.Android.csproj", "{842F1CA9-C449-4744-8B3A-D8092E4947FF}"
EndProject
Project("{FAE04EC0-301F-11D3-BF4B-00C04F79EFBC}") = "GroupApp.iOS", "GroupApp.iOS\GroupApp.iOS.csproj", "{BD8C866D-D2BB-4DFA-95F7-B892614AC47A}"
EndProject
Project("{9A19103F-16F7-4668-BE54-9A1E7A4F7556}") = "GroupApp", "GroupApp\GroupApp.csproj", "{7C8DB1CC-8449-4970-83F1-B55D91944650}"
EndProject
Global
	GlobalSection(SolutionConfigurationPlatforms) = preSolution
		Debug|Any CPU = Debug|Any CPU
		Debug|iPhone = Debug|iPhone
		Debug|iPhoneSimulator = Debug|iPhoneSimulator
		Release|Any CPU = Release|Any CPU
		Release|iPhone = Release|iPhone
		Release|iPhoneSimulator = Release|iPhoneSimulator
	EndGlobalSection
	GlobalSection(ProjectConfigurationPlatforms) = postSolution
		{842F1CA9-C449-4744-8B3A-D8092E4947FF}.Debug|Any CPU.ActiveCfg = Debug|Any CPU
		{842F1CA9-C449-4744-8B3A-D8092E4947FF}.Debug|Any CPU.Build.0 = Debug|Any CPU
		{842F1CA9-C449-4744-8B3A-D8092E4947FF}.Debug|Any CPU.Deploy.0 = Debug|Any CPU
		{842F1CA9-C449-4744-8B3A-D8092E4947FF}.Debug|iPhone.ActiveCfg = Debug|Any CPU
		{842F1CA9-C449-4744-8B3A-D8092E4947FF}.Debug|iPhone.Build.0 = Debug|Any CPU
		{842F1CA9-C449-4744-8B3A-D8092E4947FF}.Debug|iPhoneSimulator.ActiveCfg = Debug|Any CPU
		{842F1CA9-C449-4744-8B3A-D8092E4947FF}.Debug|iPhoneSimulator.Build.0 = Debug|Any CPU
		{842F1CA9-C449-4744-8B3A-D8092E4947FF}.Release|Any CPU.ActiveCfg = Release|Any CPU
		{842F1CA9-C449-4744-8B3A-D8092E4947FF}.Release|Any CPU.Build.0 = Release|Any CPU
		{842F1CA9-C449-4744-8B3A-D8092E4947FF}.Release|iPhone.ActiveCfg = Release|Any CPU
		{842F1CA9-C449-4744-8B3A-D8092E4947FF}.Release|iPhone.Build.0 = Release|Any CPU
		{842F1CA9-C449-4744-8B3A-D8092E4947FF}.Release|iPhoneSimulator.ActiveCfg = Release|Any CPU
		{842F1CA9-C449-4744-8B3A-D8092E4947FF}.Release|iPhoneSimulator.Build.0 = Release|Any CPU
		{BD8C866D-D2BB-4DFA-95F7-B892614AC47A}.Debug|Any CPU.ActiveCfg = Debug|iPhoneSimulator
		{BD8C866D-D2BB-4DFA-95F7-B892614AC47A}.Debug|Any CPU.Build.0 = Debug|iPhoneSimulator
		{BD8C866D-D2BB-4DFA-95F7-B892614AC47A}.Debug|iPhone.ActiveCfg = Debug|iPhone
		{BD8C866D-D2BB-4DFA-95F7-B892614AC47A}.Debug|iPhone.Build.0 = Debug|iPhone
		{BD8C866D-D2BB-4DFA-95F7-B892614AC47A}.Debug|iPhoneSimulator.ActiveCfg = Debug|iPhoneSimulator
		{BD8C866D-D2BB-4DFA-95F7-B892614AC47A}.Debug|iPhoneSimulator.Build.0 = Debug|iPhoneSimulator
		{BD8C866D-D2BB-4DFA-95F7-B892614AC47A}.Release|Any CPU.ActiveCfg = Release|iPhoneSimulator
		{BD8C866D-D2BB-4DFA-95F7-B892614AC47A}.Release|Any CPU.Build.0 = Release|iPhoneSimulator
		{BD8C866D-D2BB-4DFA-95F7-B892614AC47A}.Release|iPhone.ActiveCfg = Release|iPhone
		{BD8C866D-D2BB-4DFA-95F7-B892614AC47A}.Release|iPhone.Build.0 = Release|iPhone
		{BD8C866D-D2BB-4DFA-95F7-B892614AC47A}.Release|iPhoneSimulator.ActiveCfg = Release|iPhoneSimulator
		{BD8C866D-D2BB-4DFA-95F7-B892614AC47A}.Release|iPhoneSimulator.Build.0 = Release|iPhoneSimulator
		{7C8DB1CC-8449-4970-83F1-B55D91944650}.Debug|Any CPU.ActiveCfg = Debug|Any CPU
		{7C8DB1CC-8449-4970-83F1-B55D91944650}.Debug|Any CPU.Build.0 = Debug|Any CPU
		{7C8DB1CC-8449-4970-83F1-B55D91944650}.Debug|iPhone.ActiveCfg = Debug|Any CPU
		{7C8DB1CC-8449-4970-83F1-B55D91944650}.Debug|iPhone.Build.0 = Debug|Any CPU
		{7C8DB1CC-8449-4970-83F1-B55D91944650}.Debug|iPhoneSimulator.ActiveCfg = Debug|Any CPU
		{7C8DB1CC-8449-4970-83F1-B55D91944650}.Debug|iPhoneSimulator.Build.0 = Debug|Any CPU
		{7C8DB1CC-8449-4970-83F1-B55D91944650}.Release|Any CPU.ActiveCfg = Release|Any CPU
		{7C8DB1CC-8449-4970-83F1-B55D91944650}.Release|Any CPU.Build.0 = Release|Any CPU
		{7C8DB1CC-8449-4970-83F1-B55D91944650}.Release|iPhone.ActiveCfg = Release|Any CPU
		{7C8DB1CC-8449-4970-83F1-B55D91944650}.Release|iPhone.Build.0 = Release|Any CPU
		{7C8DB1CC-8449-4970-83F1-B55D91944650}.Release|iPhoneSimulator.ActiveCfg = Release|Any CPU
		{7C8DB1CC-8449-4970-83F1-B55D91944650}.Release|iPhoneSimulator.Build.0 = Release|Any CPU
	EndGlobalSection
	GlobalSection(SolutionProperties) = preSolution
		HideSolutionNode = FALSE
	EndGlobalSection
	GlobalSection(ExtensibilityGlobals) = postSolution
		SolutionGuid = {0B05E7FF-865C-4CEF-B551-D64BAF8C8D7D}
	EndGlobalSection
EndGlobal
